
Microsoft Visual Studio Solution File, Format Version 12.00
# Visual Studio Version 17
VisualStudioVersion = 17.10.35013.160
MinimumVisualStudioVersion = 10.0.40219.1
Project("{FAE04EC0-301F-11D3-BF4B-00C04F79EFBC}") = "IDPA-Vorprojekt-2024", "IDPA-Vorprojekt-2024\IDPA-Vorprojekt-2024.csproj", "{671A042B-55DB-45BF-A9B5-A0B4C75B9A14}"
EndProject
Global
	GlobalSection(SolutionConfigurationPlatforms) = preSolution
		Debug|Any CPU = Debug|Any CPU
		Release|Any CPU = Release|Any CPU
	EndGlobalSection
	GlobalSection(ProjectConfigurationPlatforms) = postSolution
		{671A042B-55DB-45BF-A9B5-A0B4C75B9A14}.Debug|Any CPU.ActiveCfg = Debug|Any CPU
		{671A042B-55DB-45BF-A9B5-A0B4C75B9A14}.Debug|Any CPU.Build.0 = Debug|Any CPU
		{671A042B-55DB-45BF-A9B5-A0B4C75B9A14}.Release|Any CPU.ActiveCfg = Release|Any CPU
		{671A042B-55DB-45BF-A9B5-A0B4C75B9A14}.Release|Any CPU.Build.0 = Release|Any CPU
	EndGlobalSection
	GlobalSection(SolutionProperties) = preSolution
		HideSolutionNode = FALSE
	EndGlobalSection
	GlobalSection(ExtensibilityGlobals) = postSolution
		SolutionGuid = {EDF9EB92-8CAE-4E0D-99A8-FBD4A7552E0A}
	EndGlobalSection
EndGlobal
